
Microsoft Visual Studio Solution File, Format Version 12.00
# Visual Studio 15
VisualStudioVersion = 15.0.28307.902
MinimumVisualStudioVersion = 10.0.40219.1
Project("{FAE04EC0-301F-11D3-BF4B-00C04F79EFBC}") = "Cas23", "Cas23\Cas23.csproj", "{E365431C-9754-40F9-99AA-920B26C65C71}"
EndProject
Global
	GlobalSection(SolutionConfigurationPlatforms) = preSolution
		Debug|Any CPU = Debug|Any CPU
		Release|Any CPU = Release|Any CPU
	EndGlobalSection
	GlobalSection(ProjectConfigurationPlatforms) = postSolution
		{E365431C-9754-40F9-99AA-920B26C65C71}.Debug|Any CPU.ActiveCfg = Debug|Any CPU
		{E365431C-9754-40F9-99AA-920B26C65C71}.Debug|Any CPU.Build.0 = Debug|Any CPU
		{E365431C-9754-40F9-99AA-920B26C65C71}.Release|Any CPU.ActiveCfg = Release|Any CPU
		{E365431C-9754-40F9-99AA-920B26C65C71}.Release|Any CPU.Build.0 = Release|Any CPU
	EndGlobalSection
	GlobalSection(SolutionProperties) = preSolution
		HideSolutionNode = FALSE
	EndGlobalSection
	GlobalSection(ExtensibilityGlobals) = postSolution
		SolutionGuid = {51FB0A4B-04B4-404D-8435-F51DDF4CD6AF}
	EndGlobalSection
EndGlobal
